{
  "requires": true,
  "lockfileVersion": 1,
  "dependencies": {
    "echarts": {
      "version": "4.8.0",
      "resolved": "https://registry.npmjs.org/echarts/-/echarts-4.8.0.tgz",
      "integrity": "sha512-YwShpug8fWngj/RlgxDaYrLBoD+LsZUArrusjNPHpAF+is+gGe38xx4W848AwWMGoi745t3OXM52JedNrv+F6g==",
      "requires": {
        "zrender": "4.3.1"
      }
    },
    "mpvue-echarts": {
      "version": "0.3.2",
      "resolved": "https://registry.npmjs.org/mpvue-echarts/-/mpvue-echarts-0.3.2.tgz",
      "integrity": "sha512-KULGS1DOMNhXu3nBkBv6BtmnqjyHLc+2Dur7eW+2s2aic1NCOygglCMmAmMEU6/TGSR67ttFA2NYxXPUYbNhWQ=="
    },
    "zrender": {
      "version": "4.3.1",
      "resolved": "https://registry.npmjs.org/zrender/-/zrender-4.3.1.tgz",
      "integrity": "sha512-CeH2TpJeCdG0TAGYoPSAcFX2ogdug1K7LIn9UO/q9HWqQ54gWhrMAlDP9AwWYMUDhrPe4VeazQ4DW3msD96nUQ=="
    }
  }
}
